
Microsoft Visual Studio Solution File, Format Version 12.00
# Visual Studio 15
VisualStudioVersion = 15.0.27004.2009
MinimumVisualStudioVersion = 10.0.40219.1
Project("{FAE04EC0-301F-11D3-BF4B-00C04F79EFBC}") = "Homework7_1", "homework7.1\Homework7_1.csproj", "{80D78D35-75E9-4181-8420-E3039092996C}"
EndProject
Project("{FAE04EC0-301F-11D3-BF4B-00C04F79EFBC}") = "Homework7_1.Tests", "UnitTestHomework7.1\Homework7_1.Tests.csproj", "{40801EBC-42E7-4C69-A45A-1EBD5836FF09}"
EndProject
Global
	GlobalSection(SolutionConfigurationPlatforms) = preSolution
		Debug|Any CPU = Debug|Any CPU
		Release|Any CPU = Release|Any CPU
	EndGlobalSection
	GlobalSection(ProjectConfigurationPlatforms) = postSolution
		{80D78D35-75E9-4181-8420-E3039092996C}.Debug|Any CPU.ActiveCfg = Debug|Any CPU
		{80D78D35-75E9-4181-8420-E3039092996C}.Debug|Any CPU.Build.0 = Debug|Any CPU
		{80D78D35-75E9-4181-8420-E3039092996C}.Release|Any CPU.ActiveCfg = Release|Any CPU
		{80D78D35-75E9-4181-8420-E3039092996C}.Release|Any CPU.Build.0 = Release|Any CPU
		{40801EBC-42E7-4C69-A45A-1EBD5836FF09}.Debug|Any CPU.ActiveCfg = Debug|Any CPU
		{40801EBC-42E7-4C69-A45A-1EBD5836FF09}.Debug|Any CPU.Build.0 = Debug|Any CPU
		{40801EBC-42E7-4C69-A45A-1EBD5836FF09}.Release|Any CPU.ActiveCfg = Release|Any CPU
		{40801EBC-42E7-4C69-A45A-1EBD5836FF09}.Release|Any CPU.Build.0 = Release|Any CPU
	EndGlobalSection
	GlobalSection(SolutionProperties) = preSolution
		HideSolutionNode = FALSE
	EndGlobalSection
	GlobalSection(ExtensibilityGlobals) = postSolution
		SolutionGuid = {7FD62B6E-2E95-470B-A3AD-2D7C10E9C3D2}
	EndGlobalSection
EndGlobal
